
Microsoft Visual Studio Solution File, Format Version 12.00
# Visual Studio Version 17
VisualStudioVersion = 17.5.002.0
MinimumVisualStudioVersion = 10.0.40219.1
Project("{9A19103F-16F7-4668-BE54-9A1E7A4F7556}") = "Exerc-cio-Negativo", "Exerc-cio-Negativo.csproj", "{716DBAE9-B0BA-44EE-B901-2570460C3AB6}"
EndProject
Global
	GlobalSection(SolutionConfigurationPlatforms) = preSolution
		Debug|Any CPU = Debug|Any CPU
		Release|Any CPU = Release|Any CPU
	EndGlobalSection
	GlobalSection(ProjectConfigurationPlatforms) = postSolution
		{716DBAE9-B0BA-44EE-B901-2570460C3AB6}.Debug|Any CPU.ActiveCfg = Debug|Any CPU
		{716DBAE9-B0BA-44EE-B901-2570460C3AB6}.Debug|Any CPU.Build.0 = Debug|Any CPU
		{716DBAE9-B0BA-44EE-B901-2570460C3AB6}.Release|Any CPU.ActiveCfg = Release|Any CPU
		{716DBAE9-B0BA-44EE-B901-2570460C3AB6}.Release|Any CPU.Build.0 = Release|Any CPU
	EndGlobalSection
	GlobalSection(SolutionProperties) = preSolution
		HideSolutionNode = FALSE
	EndGlobalSection
	GlobalSection(ExtensibilityGlobals) = postSolution
		SolutionGuid = {191B5419-E11D-4152-8189-94D76D69606D}
	EndGlobalSection
EndGlobal
